
Microsoft Visual Studio Solution File, Format Version 12.00
Project("{FAE04EC0-301F-11D3-BF4B-00C04F79EFBC}") = "ExamOptimizer", "ExamOptimizer.csproj", "{5B3EEF96-0D6D-4184-97B3-922356C24688}"
EndProject
Project("{FAE04EC0-301F-11D3-BF4B-00C04F79EFBC}") = "Tests", "Tests\Tests.csproj", "{4078F2BE-69D1-42AB-9C13-645C5A2B9E95}"
EndProject
Global
	GlobalSection(SolutionConfigurationPlatforms) = preSolution
		Debug|Any CPU = Debug|Any CPU
		Release|Any CPU = Release|Any CPU
	EndGlobalSection
	GlobalSection(ProjectConfigurationPlatforms) = postSolution
		{5B3EEF96-0D6D-4184-97B3-922356C24688}.Debug|Any CPU.ActiveCfg = Debug|Any CPU
		{5B3EEF96-0D6D-4184-97B3-922356C24688}.Debug|Any CPU.Build.0 = Debug|Any CPU
		{5B3EEF96-0D6D-4184-97B3-922356C24688}.Release|Any CPU.ActiveCfg = Release|Any CPU
		{5B3EEF96-0D6D-4184-97B3-922356C24688}.Release|Any CPU.Build.0 = Release|Any CPU
		{4078F2BE-69D1-42AB-9C13-645C5A2B9E95}.Debug|Any CPU.ActiveCfg = Debug|Any CPU
		{4078F2BE-69D1-42AB-9C13-645C5A2B9E95}.Debug|Any CPU.Build.0 = Debug|Any CPU
		{4078F2BE-69D1-42AB-9C13-645C5A2B9E95}.Release|Any CPU.ActiveCfg = Release|Any CPU
		{4078F2BE-69D1-42AB-9C13-645C5A2B9E95}.Release|Any CPU.Build.0 = Release|Any CPU
	EndGlobalSection
EndGlobal
